{
  "name": "template_webpage",
  "version": "1.0.0",
  "lockfileVersion": 3,
  "requires": true,
  "packages": {
    "": {
      "name": "template_webpage",
      "version": "1.0.0",
      "license": "ISC",
      "dependencies": {
        "template_webpage": "file:"
      }
    },
    "node_modules/template_webpage": {
      "version": "1.0.0",
      "resolved": "file:",
      "license": "ISC",
      "dependencies": {
        "template_webpage": "file:"
      }
    }
  }
}
